
Microsoft Visual Studio Solution File, Format Version 12.00
# Visual Studio 15
VisualStudioVersion = 15.0.33423.255
MinimumVisualStudioVersion = 10.0.40219.1
Project("{8BC9CEB8-8B4A-11D0-8D11-00A0C91BC942}") = "01_HelloWorld", "01_HelloWorld\01_HelloWorld.vcxproj", "{52DC4059-93EA-4C18-BEC3-C503FC0068A3}"
EndProject
Project("{8BC9CEB8-8B4A-11D0-8D11-00A0C91BC942}") = "02_HelloWorld", "02_HelloWorld\02_HelloWorld.vcxproj", "{FF13E96A-2B82-4046-8509-6C36DB6D0DCB}"
EndProject
Global
	GlobalSection(SolutionConfigurationPlatforms) = preSolution
		Debug|x64 = Debug|x64
		Debug|x86 = Debug|x86
		Release|x64 = Release|x64
		Release|x86 = Release|x86
	EndGlobalSection
	GlobalSection(ProjectConfigurationPlatforms) = postSolution
		{52DC4059-93EA-4C18-BEC3-C503FC0068A3}.Debug|x64.ActiveCfg = Debug|x64
		{52DC4059-93EA-4C18-BEC3-C503FC0068A3}.Debug|x64.Build.0 = Debug|x64
		{52DC4059-93EA-4C18-BEC3-C503FC0068A3}.Debug|x86.ActiveCfg = Debug|Win32
		{52DC4059-93EA-4C18-BEC3-C503FC0068A3}.Debug|x86.Build.0 = Debug|Win32
		{52DC4059-93EA-4C18-BEC3-C503FC0068A3}.Release|x64.ActiveCfg = Release|x64
		{52DC4059-93EA-4C18-BEC3-C503FC0068A3}.Release|x64.Build.0 = Release|x64
		{52DC4059-93EA-4C18-BEC3-C503FC0068A3}.Release|x86.ActiveCfg = Release|Win32
		{52DC4059-93EA-4C18-BEC3-C503FC0068A3}.Release|x86.Build.0 = Release|Win32
		{FF13E96A-2B82-4046-8509-6C36DB6D0DCB}.Debug|x64.ActiveCfg = Debug|x64
		{FF13E96A-2B82-4046-8509-6C36DB6D0DCB}.Debug|x64.Build.0 = Debug|x64
		{FF13E96A-2B82-4046-8509-6C36DB6D0DCB}.Debug|x86.ActiveCfg = Debug|Win32
		{FF13E96A-2B82-4046-8509-6C36DB6D0DCB}.Debug|x86.Build.0 = Debug|Win32
		{FF13E96A-2B82-4046-8509-6C36DB6D0DCB}.Release|x64.ActiveCfg = Release|x64
		{FF13E96A-2B82-4046-8509-6C36DB6D0DCB}.Release|x64.Build.0 = Release|x64
		{FF13E96A-2B82-4046-8509-6C36DB6D0DCB}.Release|x86.ActiveCfg = Release|Win32
		{FF13E96A-2B82-4046-8509-6C36DB6D0DCB}.Release|x86.Build.0 = Release|Win32
	EndGlobalSection
	GlobalSection(SolutionProperties) = preSolution
		HideSolutionNode = FALSE
	EndGlobalSection
	GlobalSection(ExtensibilityGlobals) = postSolution
		SolutionGuid = {0FC13202-1FBE-4694-8521-3D9E01A63306}
	EndGlobalSection
EndGlobal
